
Microsoft Visual Studio Solution File, Format Version 12.00
# Visual Studio Version 16
VisualStudioVersion = 16.0.29509.3
MinimumVisualStudioVersion = 10.0.40219.1
Project("{8BC9CEB8-8B4A-11D0-8D11-00A0C91BC942}") = "Framework", "Framework\Framework.vcxproj", "{4091DCFB-EBD1-42DA-B7EE-B68A0E0A5EA5}"
EndProject
Project("{8BC9CEB8-8B4A-11D0-8D11-00A0C91BC942}") = "UnitTest", "UnitTest\UnitTest.vcxproj", "{EB7A4EF9-D765-4687-A483-1118A7DBB965}"
	ProjectSection(ProjectDependencies) = postProject
		{4091DCFB-EBD1-42DA-B7EE-B68A0E0A5EA5} = {4091DCFB-EBD1-42DA-B7EE-B68A0E0A5EA5}
	EndProjectSection
EndProject
Project("{2150E333-8FDC-42A3-9474-1A3956D46DE8}") = "_Shaders", "_Shaders", "{D4E435F7-7118-4E13-901B-39445234D64D}"
	ProjectSection(SolutionItems) = preProject
		..\_Shaders\DebugLine.hlsl = ..\_Shaders\DebugLine.hlsl
		..\_Shaders\DefferedRender.hlsl = ..\_Shaders\DefferedRender.hlsl
		..\_Shaders\Depth_InstMesh.hlsl = ..\_Shaders\Depth_InstMesh.hlsl
		..\_Shaders\Depth_InstModel.hlsl = ..\_Shaders\Depth_InstModel.hlsl
		..\_Shaders\Depth_Terrain.hlsl = ..\_Shaders\Depth_Terrain.hlsl
		..\_Shaders\FModel.hlsl = ..\_Shaders\FModel.hlsl
		..\_Shaders\GbufferRender.hlsl = ..\_Shaders\GbufferRender.hlsl
		..\_Shaders\InstMesh.hlsl = ..\_Shaders\InstMesh.hlsl
		..\_Shaders\InstModel.hlsl = ..\_Shaders\InstModel.hlsl
		..\_Shaders\RedMesh.hlsl = ..\_Shaders\RedMesh.hlsl
		..\_Shaders\Render2D.hlsl = ..\_Shaders\Render2D.hlsl
		..\_Shaders\RenderingNode.hlsli = ..\_Shaders\RenderingNode.hlsli
		..\_Shaders\Shadow.hlsl = ..\_Shaders\Shadow.hlsl
		..\_Shaders\Terrain.hlsl = ..\_Shaders\Terrain.hlsl
	EndProjectSection
EndProject
Project("{2150E333-8FDC-42A3-9474-1A3956D46DE8}") = "PS", "PS", "{B36EC4EA-A1A1-4392-AD22-E7436A851463}"
	ProjectSection(SolutionItems) = preProject
		..\_Shaders\PSShadow.hlsl = ..\_Shaders\PSShadow.hlsl
	EndProjectSection
EndProject
Project("{8BC9CEB8-8B4A-11D0-8D11-00A0C91BC942}") = "ModelExtractor", "ModelExtractor\ModelExtractor.vcxproj", "{47D9C802-2089-4722-B18C-F77E22BACD4B}"
	ProjectSection(ProjectDependencies) = postProject
		{4091DCFB-EBD1-42DA-B7EE-B68A0E0A5EA5} = {4091DCFB-EBD1-42DA-B7EE-B68A0E0A5EA5}
	EndProjectSection
EndProject
Project("{8BC9CEB8-8B4A-11D0-8D11-00A0C91BC942}") = "TerrainEditor", "TerrainEditor\TerrainEditor.vcxproj", "{AB7F9017-0574-4D14-AD96-28560D209193}"
	ProjectSection(ProjectDependencies) = postProject
		{4091DCFB-EBD1-42DA-B7EE-B68A0E0A5EA5} = {4091DCFB-EBD1-42DA-B7EE-B68A0E0A5EA5}
	EndProjectSection
EndProject
Global
	GlobalSection(SolutionConfigurationPlatforms) = preSolution
		Debug|x64 = Debug|x64
		Debug|x86 = Debug|x86
		Release|x64 = Release|x64
		Release|x86 = Release|x86
	EndGlobalSection
	GlobalSection(ProjectConfigurationPlatforms) = postSolution
		{4091DCFB-EBD1-42DA-B7EE-B68A0E0A5EA5}.Debug|x64.ActiveCfg = Debug|x64
		{4091DCFB-EBD1-42DA-B7EE-B68A0E0A5EA5}.Debug|x64.Build.0 = Debug|x64
		{4091DCFB-EBD1-42DA-B7EE-B68A0E0A5EA5}.Debug|x86.ActiveCfg = Debug|Win32
		{4091DCFB-EBD1-42DA-B7EE-B68A0E0A5EA5}.Debug|x86.Build.0 = Debug|Win32
		{4091DCFB-EBD1-42DA-B7EE-B68A0E0A5EA5}.Release|x64.ActiveCfg = Release|x64
		{4091DCFB-EBD1-42DA-B7EE-B68A0E0A5EA5}.Release|x64.Build.0 = Release|x64
		{4091DCFB-EBD1-42DA-B7EE-B68A0E0A5EA5}.Release|x86.ActiveCfg = Release|Win32
		{4091DCFB-EBD1-42DA-B7EE-B68A0E0A5EA5}.Release|x86.Build.0 = Release|Win32
		{EB7A4EF9-D765-4687-A483-1118A7DBB965}.Debug|x64.ActiveCfg = Debug|x64
		{EB7A4EF9-D765-4687-A483-1118A7DBB965}.Debug|x64.Build.0 = Debug|x64
		{EB7A4EF9-D765-4687-A483-1118A7DBB965}.Debug|x86.ActiveCfg = Debug|Win32
		{EB7A4EF9-D765-4687-A483-1118A7DBB965}.Debug|x86.Build.0 = Debug|Win32
		{EB7A4EF9-D765-4687-A483-1118A7DBB965}.Release|x64.ActiveCfg = Release|x64
		{EB7A4EF9-D765-4687-A483-1118A7DBB965}.Release|x64.Build.0 = Release|x64
		{EB7A4EF9-D765-4687-A483-1118A7DBB965}.Release|x86.ActiveCfg = Release|Win32
		{EB7A4EF9-D765-4687-A483-1118A7DBB965}.Release|x86.Build.0 = Release|Win32
		{47D9C802-2089-4722-B18C-F77E22BACD4B}.Debug|x64.ActiveCfg = Debug|x64
		{47D9C802-2089-4722-B18C-F77E22BACD4B}.Debug|x64.Build.0 = Debug|x64
		{47D9C802-2089-4722-B18C-F77E22BACD4B}.Debug|x86.ActiveCfg = Debug|Win32
		{47D9C802-2089-4722-B18C-F77E22BACD4B}.Debug|x86.Build.0 = Debug|Win32
		{47D9C802-2089-4722-B18C-F77E22BACD4B}.Release|x64.ActiveCfg = Release|x64
		{47D9C802-2089-4722-B18C-F77E22BACD4B}.Release|x64.Build.0 = Release|x64
		{47D9C802-2089-4722-B18C-F77E22BACD4B}.Release|x86.ActiveCfg = Release|Win32
		{47D9C802-2089-4722-B18C-F77E22BACD4B}.Release|x86.Build.0 = Release|Win32
		{AB7F9017-0574-4D14-AD96-28560D209193}.Debug|x64.ActiveCfg = Debug|x64
		{AB7F9017-0574-4D14-AD96-28560D209193}.Debug|x64.Build.0 = Debug|x64
		{AB7F9017-0574-4D14-AD96-28560D209193}.Debug|x86.ActiveCfg = Debug|Win32
		{AB7F9017-0574-4D14-AD96-28560D209193}.Debug|x86.Build.0 = Debug|Win32
		{AB7F9017-0574-4D14-AD96-28560D209193}.Release|x64.ActiveCfg = Release|x64
		{AB7F9017-0574-4D14-AD96-28560D209193}.Release|x64.Build.0 = Release|x64
		{AB7F9017-0574-4D14-AD96-28560D209193}.Release|x86.ActiveCfg = Release|Win32
		{AB7F9017-0574-4D14-AD96-28560D209193}.Release|x86.Build.0 = Release|Win32
	EndGlobalSection
	GlobalSection(SolutionProperties) = preSolution
		HideSolutionNode = FALSE
	EndGlobalSection
	GlobalSection(NestedProjects) = preSolution
		{B36EC4EA-A1A1-4392-AD22-E7436A851463} = {D4E435F7-7118-4E13-901B-39445234D64D}
	EndGlobalSection
	GlobalSection(ExtensibilityGlobals) = postSolution
		SolutionGuid = {E7C4C6F8-0135-4033-BA25-9F3F90F282CF}
	EndGlobalSection
EndGlobal
