<?xml version="1.0" encoding="utf-8"?>
<Project ToolsVersion="4.0" xmlns="http://schemas.microsoft.com/developer/msbuild/2003">
  <ItemGroup>
    <Filter Include="Systems">
      <UniqueIdentifier>{ba0d7054-6c56-4c4e-b471-23af6a885b03}</UniqueIdentifier>
    </Filter>
    <Filter Include="Utilities">
      <UniqueIdentifier>{7a354729-48c6-4e06-9f57-88e33908ef89}</UniqueIdentifier>
    </Filter>
    <Filter Include="Viewer">
      <UniqueIdentifier>{f4032fd7-2470-4422-b71a-296c9d556d6d}</UniqueIdentifier>
    </Filter>
    <Filter Include="Objects">
      <UniqueIdentifier>{e3cde560-06d3-4a8a-815f-f85f8c025e83}</UniqueIdentifier>
    </Filter>
    <Filter Include="Render">
      <UniqueIdentifier>{30d63c54-e300-43eb-8c94-8ab0fb8b2782}</UniqueIdentifier>
    </Filter>
    <Filter Include="Meshes">
      <UniqueIdentifier>{d783b3e4-caf3-4602-bee0-7b30ec7a0e98}</UniqueIdentifier>
    </Filter>
    <Filter Include="Model">
      <UniqueIdentifier>{942d4f5e-7d84-4103-adf7-b1c3f3ce69c5}</UniqueIdentifier>
    </Filter>
    <Filter Include="Light">
      <UniqueIdentifier>{c4b8531b-9e67-4382-bbf3-fef02ed2da24}</UniqueIdentifier>
    </Filter>
    <Filter Include="Render\ShaderState">
      <UniqueIdentifier>{04475dfb-85b3-4d23-ace4-954abc84e35d}</UniqueIdentifier>
    </Filter>
    <Filter Include="DefferedRender">
      <UniqueIdentifier>{5968aa94-f649-44a0-826d-494eb4bcacf9}</UniqueIdentifier>
    </Filter>
    <Filter Include="ExampleScene">
      <UniqueIdentifier>{dcc7eacf-3e96-4bf3-83f7-6a77f2dc81e8}</UniqueIdentifier>
    </Filter>
    <Filter Include="Meshes\Instancing">
      <UniqueIdentifier>{49480033-4376-46c8-a691-526781cf6bfe}</UniqueIdentifier>
    </Filter>
  </ItemGroup>
  <ItemGroup>
    <ClCompile Include="Systems\Keyboard.cpp">
      <Filter>Systems</Filter>
    </ClCompile>
    <ClCompile Include="Systems\Mouse.cpp">
      <Filter>Systems</Filter>
    </ClCompile>
    <ClCompile Include="Systems\Time.cpp">
      <Filter>Systems</Filter>
    </ClCompile>
    <ClCompile Include="Systems\Window.cpp">
      <Filter>Systems</Filter>
    </ClCompile>
    <ClCompile Include="Utilities\BinaryFile.cpp">
      <Filter>Utilities</Filter>
    </ClCompile>
    <ClCompile Include="Utilities\Math.cpp">
      <Filter>Utilities</Filter>
    </ClCompile>
    <ClCompile Include="Utilities\Path.cpp">
      <Filter>Utilities</Filter>
    </ClCompile>
    <ClCompile Include="Utilities\String.cpp">
      <Filter>Utilities</Filter>
    </ClCompile>
    <ClCompile Include="Utilities\Xml.cpp">
      <Filter>Utilities</Filter>
    </ClCompile>
    <ClCompile Include="Framework.cpp" />
    <ClCompile Include="Systems\D3D.cpp">
      <Filter>Systems</Filter>
    </ClCompile>
    <ClCompile Include="Systems\Gui.cpp">
      <Filter>Systems</Filter>
    </ClCompile>
    <ClCompile Include="Systems\Context.cpp">
      <Filter>Systems</Filter>
    </ClCompile>
    <ClCompile Include="Viewer\Camera.cpp">
      <Filter>Viewer</Filter>
    </ClCompile>
    <ClCompile Include="Viewer\Orthographic.cpp">
      <Filter>Viewer</Filter>
    </ClCompile>
    <ClCompile Include="Viewer\Perspective.cpp">
      <Filter>Viewer</Filter>
    </ClCompile>
    <ClCompile Include="Viewer\Viewport.cpp">
      <Filter>Viewer</Filter>
    </ClCompile>
    <ClCompile Include="Viewer\Projection.cpp">
      <Filter>Viewer</Filter>
    </ClCompile>
    <ClCompile Include="Viewer\Freedom.cpp">
      <Filter>Viewer</Filter>
    </ClCompile>
    <ClCompile Include="Objects\Node.cpp">
      <Filter>Objects</Filter>
    </ClCompile>
    <ClCompile Include="Renders\Shader.cpp">
      <Filter>Render</Filter>
    </ClCompile>
    <ClCompile Include="Renders\Buffers.cpp">
      <Filter>Render</Filter>
    </ClCompile>
    <ClCompile Include="Renders\DebugLine.cpp">
      <Filter>Render</Filter>
    </ClCompile>
    <ClCompile Include="Meshes\Mesh.cpp">
      <Filter>Meshes</Filter>
    </ClCompile>
    <ClCompile Include="Meshes\MeshCube.cpp">
      <Filter>Meshes</Filter>
    </ClCompile>
    <ClCompile Include="Objects\RenderingNode.cpp">
      <Filter>Objects</Filter>
    </ClCompile>
    <ClCompile Include="Renders\Texture.cpp">
      <Filter>Render</Filter>
    </ClCompile>
    <ClCompile Include="Systems\Scene.cpp">
      <Filter>Systems</Filter>
    </ClCompile>
    <ClCompile Include="Meshes\MeshCylinder.cpp">
      <Filter>Meshes</Filter>
    </ClCompile>
    <ClCompile Include="Meshes\MeshGrid.cpp">
      <Filter>Meshes</Filter>
    </ClCompile>
    <ClCompile Include="Meshes\MeshQuad.cpp">
      <Filter>Meshes</Filter>
    </ClCompile>
    <ClCompile Include="Meshes\MeshSphere.cpp">
      <Filter>Meshes</Filter>
    </ClCompile>
    <ClCompile Include="Meshes\Terrain.cpp">
      <Filter>Meshes</Filter>
    </ClCompile>
    <ClCompile Include="Model\ModelData.cpp">
      <Filter>Model</Filter>
    </ClCompile>
    <ClCompile Include="Model\Model.cpp">
      <Filter>Model</Filter>
    </ClCompile>
    <ClCompile Include="Light\Light.cpp">
      <Filter>Light</Filter>
    </ClCompile>
    <ClCompile Include="Light\DirectLight.cpp">
      <Filter>Light</Filter>
    </ClCompile>
    <ClCompile Include="Renders\Material.cpp">
      <Filter>Render</Filter>
    </ClCompile>
    <ClCompile Include="Renders\ShaderState\BlendState.cpp">
      <Filter>Render\ShaderState</Filter>
    </ClCompile>
    <ClCompile Include="Renders\ShaderState\DepthStencilState.cpp">
      <Filter>Render\ShaderState</Filter>
    </ClCompile>
    <ClCompile Include="Renders\ShaderState\RasterizerState.cpp">
      <Filter>Render\ShaderState</Filter>
    </ClCompile>
    <ClCompile Include="Renders\ShaderState\SamplerState.cpp">
      <Filter>Render\ShaderState</Filter>
    </ClCompile>
    <ClCompile Include="Model\FModel.cpp">
      <Filter>Model</Filter>
    </ClCompile>
    <ClCompile Include="Model\FModelData.cpp">
      <Filter>Model</Filter>
    </ClCompile>
    <ClCompile Include="DefferedRender\GBuffer.cpp">
      <Filter>DefferedRender</Filter>
    </ClCompile>
    <ClCompile Include="Viewer\RenderTarget.cpp">
      <Filter>Viewer</Filter>
    </ClCompile>
    <ClCompile Include="Viewer\DepthStencil.cpp">
      <Filter>Viewer</Filter>
    </ClCompile>
    <ClCompile Include="Renders\Render2D.cpp">
      <Filter>Render</Filter>
    </ClCompile>
    <ClCompile Include="ExampleScene\ExampleScene.cpp">
      <Filter>ExampleScene</Filter>
    </ClCompile>
    <ClCompile Include="Meshes\Instancing\InsCube.cpp">
      <Filter>Meshes\Instancing</Filter>
    </ClCompile>
    <ClCompile Include="Meshes\Instancing\InsCylinder.cpp">
      <Filter>Meshes\Instancing</Filter>
    </ClCompile>
    <ClCompile Include="Meshes\Instancing\InsGrid.cpp">
      <Filter>Meshes\Instancing</Filter>
    </ClCompile>
    <ClCompile Include="Meshes\Instancing\InsMesh.cpp">
      <Filter>Meshes\Instancing</Filter>
    </ClCompile>
    <ClCompile Include="Meshes\Instancing\InsQuad.cpp">
      <Filter>Meshes\Instancing</Filter>
    </ClCompile>
    <ClCompile Include="Meshes\Instancing\InsSphere.cpp">
      <Filter>Meshes\Instancing</Filter>
    </ClCompile>
    <ClCompile Include="Light\Shadow.cpp">
      <Filter>Light</Filter>
    </ClCompile>
    <ClCompile Include="Objects\ReflectionNode.cpp">
      <Filter>Objects</Filter>
    </ClCompile>
    <ClCompile Include="Model\ModelAnim.cpp">
      <Filter>Model</Filter>
    </ClCompile>
    <ClCompile Include="Model\ModelTweener.cpp">
      <Filter>Model</Filter>
    </ClCompile>
  </ItemGroup>
  <ItemGroup>
    <ClInclude Include="Systems\Keyboard.h">
      <Filter>Systems</Filter>
    </ClInclude>
    <ClInclude Include="Systems\Mouse.h">
      <Filter>Systems</Filter>
    </ClInclude>
    <ClInclude Include="Systems\Time.h">
      <Filter>Systems</Filter>
    </ClInclude>
    <ClInclude Include="Systems\Window.h">
      <Filter>Systems</Filter>
    </ClInclude>
    <ClInclude Include="Utilities\BinaryFile.h">
      <Filter>Utilities</Filter>
    </ClInclude>
    <ClInclude Include="Utilities\Math.h">
      <Filter>Utilities</Filter>
    </ClInclude>
    <ClInclude Include="Utilities\Path.h">
      <Filter>Utilities</Filter>
    </ClInclude>
    <ClInclude Include="Utilities\String.h">
      <Filter>Utilities</Filter>
    </ClInclude>
    <ClInclude Include="Utilities\Xml.h">
      <Filter>Utilities</Filter>
    </ClInclude>
    <ClInclude Include="Framework.h" />
    <ClInclude Include="Systems\D3D.h">
      <Filter>Systems</Filter>
    </ClInclude>
    <ClInclude Include="Systems\Gui.h">
      <Filter>Systems</Filter>
    </ClInclude>
    <ClInclude Include="Systems\Context.h">
      <Filter>Systems</Filter>
    </ClInclude>
    <ClInclude Include="Viewer\Camera.h">
      <Filter>Viewer</Filter>
    </ClInclude>
    <ClInclude Include="Viewer\Orthographic.h">
      <Filter>Viewer</Filter>
    </ClInclude>
    <ClInclude Include="Viewer\Perspective.h">
      <Filter>Viewer</Filter>
    </ClInclude>
    <ClInclude Include="Viewer\Viewport.h">
      <Filter>Viewer</Filter>
    </ClInclude>
    <ClInclude Include="Viewer\Projection.h">
      <Filter>Viewer</Filter>
    </ClInclude>
    <ClInclude Include="Viewer\Freedom.h">
      <Filter>Viewer</Filter>
    </ClInclude>
    <ClInclude Include="Objects\Node.h">
      <Filter>Objects</Filter>
    </ClInclude>
    <ClInclude Include="Renders\Shader.h">
      <Filter>Render</Filter>
    </ClInclude>
    <ClInclude Include="Renders\VertexLayouts.h">
      <Filter>Render</Filter>
    </ClInclude>
    <ClInclude Include="Renders\Buffers.h">
      <Filter>Render</Filter>
    </ClInclude>
    <ClInclude Include="Renders\GlobalBuffer.h">
      <Filter>Render</Filter>
    </ClInclude>
    <ClInclude Include="Renders\DebugLine.h">
      <Filter>Render</Filter>
    </ClInclude>
    <ClInclude Include="Meshes\Mesh.h">
      <Filter>Meshes</Filter>
    </ClInclude>
    <ClInclude Include="Meshes\MeshCube.h">
      <Filter>Meshes</Filter>
    </ClInclude>
    <ClInclude Include="Objects\RenderingNode.h">
      <Filter>Objects</Filter>
    </ClInclude>
    <ClInclude Include="Renders\Texture.h">
      <Filter>Render</Filter>
    </ClInclude>
    <ClInclude Include="Systems\Scene.h">
      <Filter>Systems</Filter>
    </ClInclude>
    <ClInclude Include="Meshes\MeshCylinder.h">
      <Filter>Meshes</Filter>
    </ClInclude>
    <ClInclude Include="Meshes\MeshGrid.h">
      <Filter>Meshes</Filter>
    </ClInclude>
    <ClInclude Include="Meshes\MeshQuad.h">
      <Filter>Meshes</Filter>
    </ClInclude>
    <ClInclude Include="Meshes\MeshSphere.h">
      <Filter>Meshes</Filter>
    </ClInclude>
    <ClInclude Include="Meshes\Terrain.h">
      <Filter>Meshes</Filter>
    </ClInclude>
    <ClInclude Include="Model\FbxType.h">
      <Filter>Model</Filter>
    </ClInclude>
    <ClInclude Include="Model\ModelData.h">
      <Filter>Model</Filter>
    </ClInclude>
    <ClInclude Include="Model\Model.h">
      <Filter>Model</Filter>
    </ClInclude>
    <ClInclude Include="Light\Light.h">
      <Filter>Light</Filter>
    </ClInclude>
    <ClInclude Include="Light\DirectLight.h">
      <Filter>Light</Filter>
    </ClInclude>
    <ClInclude Include="Renders\Material.h">
      <Filter>Render</Filter>
    </ClInclude>
    <ClInclude Include="Renders\ShaderState\BlendState.h">
      <Filter>Render\ShaderState</Filter>
    </ClInclude>
    <ClInclude Include="Renders\ShaderState\DepthStencilState.h">
      <Filter>Render\ShaderState</Filter>
    </ClInclude>
    <ClInclude Include="Renders\ShaderState\RasterizerState.h">
      <Filter>Render\ShaderState</Filter>
    </ClInclude>
    <ClInclude Include="Renders\ShaderState\SamplerState.h">
      <Filter>Render\ShaderState</Filter>
    </ClInclude>
    <ClInclude Include="Model\FModel.h">
      <Filter>Model</Filter>
    </ClInclude>
    <ClInclude Include="Model\FModelData.h">
      <Filter>Model</Filter>
    </ClInclude>
    <ClInclude Include="DefferedRender\GBuffer.h">
      <Filter>DefferedRender</Filter>
    </ClInclude>
    <ClInclude Include="Viewer\RenderTarget.h">
      <Filter>Viewer</Filter>
    </ClInclude>
    <ClInclude Include="Viewer\DepthStencil.h">
      <Filter>Viewer</Filter>
    </ClInclude>
    <ClInclude Include="Renders\ShaderResourceDefine.h">
      <Filter>Render</Filter>
    </ClInclude>
    <ClInclude Include="Renders\Render2D.h">
      <Filter>Render</Filter>
    </ClInclude>
    <ClInclude Include="ExampleScene\ExampleScene.h">
      <Filter>ExampleScene</Filter>
    </ClInclude>
    <ClInclude Include="Meshes\Instancing\InsCube.h">
      <Filter>Meshes\Instancing</Filter>
    </ClInclude>
    <ClInclude Include="Meshes\Instancing\InsCylinder.h">
      <Filter>Meshes\Instancing</Filter>
    </ClInclude>
    <ClInclude Include="Meshes\Instancing\InsGrid.h">
      <Filter>Meshes\Instancing</Filter>
    </ClInclude>
    <ClInclude Include="Meshes\Instancing\InsMesh.h">
      <Filter>Meshes\Instancing</Filter>
    </ClInclude>
    <ClInclude Include="Meshes\Instancing\InsQuad.h">
      <Filter>Meshes\Instancing</Filter>
    </ClInclude>
    <ClInclude Include="Meshes\Instancing\InsSphere.h">
      <Filter>Meshes\Instancing</Filter>
    </ClInclude>
    <ClInclude Include="Light\Shadow.h">
      <Filter>Light</Filter>
    </ClInclude>
    <ClInclude Include="Objects\ReflectionNode.h">
      <Filter>Objects</Filter>
    </ClInclude>
    <ClInclude Include="Systems\IExecute.h">
      <Filter>Systems</Filter>
    </ClInclude>
    <ClInclude Include="Model\ModelAnim.h">
      <Filter>Model</Filter>
    </ClInclude>
    <ClInclude Include="Model\ModelTweener.h">
      <Filter>Model</Filter>
    </ClInclude>
  </ItemGroup>
</Project>