<?xml version="1.0" encoding="utf-8"?>
<Project ToolsVersion="4.0" xmlns="http://schemas.microsoft.com/developer/msbuild/2003">
  <ItemGroup>
    <ClCompile Include="Main.cpp" />
    <ClCompile Include="stdafx.cpp" />
    <ClCompile Include="MapEditScene.cpp" />
    <ClCompile Include="MapEditor\MapEditor.cpp">
      <Filter>MapEditor</Filter>
    </ClCompile>
  </ItemGroup>
  <ItemGroup>
    <ClInclude Include="Main.h" />
    <ClInclude Include="stdafx.h" />
    <ClInclude Include="MapEditScene.h" />
    <ClInclude Include="MapEditor\MapEditor.h">
      <Filter>MapEditor</Filter>
    </ClInclude>
  </ItemGroup>
  <ItemGroup>
    <Filter Include="MapEditor">
      <UniqueIdentifier>{48673022-4b38-425c-9818-f248949f37c2}</UniqueIdentifier>
    </Filter>
  </ItemGroup>
</Project>