<?xml version="1.0" encoding="utf-8"?>
<Project ToolsVersion="4.0" xmlns="http://schemas.microsoft.com/developer/msbuild/2003">
  <ItemGroup>
    <ClCompile Include="Main.cpp" />
    <ClCompile Include="stdafx.cpp" />
    <ClCompile Include="TerrainEditScene.cpp" />
    <ClCompile Include="MapEditor\MapEditor.cpp">
      <Filter>MapEditor</Filter>
    </ClCompile>
  </ItemGroup>
  <ItemGroup>
    <ClInclude Include="Main.h" />
    <ClInclude Include="stdafx.h" />
    <ClInclude Include="TerrainEditScene.h" />
    <ClInclude Include="MapEditor\MapEditor.h">
      <Filter>MapEditor</Filter>
    </ClInclude>
  </ItemGroup>
  <ItemGroup>
    <Filter Include="MapEditor">
      <UniqueIdentifier>{5681437e-004c-4c76-872d-9f5ed712e0a8}</UniqueIdentifier>
    </Filter>
    <Filter Include="TerrainEdit">
      <UniqueIdentifier>{d4a474b2-ae68-442f-8a22-7611784aeddc}</UniqueIdentifier>
    </Filter>
  </ItemGroup>
</Project>